
Microsoft Visual Studio Solution File, Format Version 12.00
# Visual Studio 15
Project("{FAE04EC0-301F-11D3-BF4B-00C04F79EFBC}") = "employee-todo-list-api", "employee-todo-list-api.csproj", "{1AE88A21-7A7A-4529-B586-EE5CB913D9C3}"
EndProject
Global
	GlobalSection(SolutionConfigurationPlatforms) = preSolution
		Debug|Any CPU = Debug|Any CPU
		Release|Any CPU = Release|Any CPU
	EndGlobalSection
	GlobalSection(ProjectConfigurationPlatforms) = postSolution
		{1AE88A21-7A7A-4529-B586-EE5CB913D9C3}.Debug|Any CPU.ActiveCfg = Debug|Any CPU
		{1AE88A21-7A7A-4529-B586-EE5CB913D9C3}.Debug|Any CPU.Build.0 = Debug|Any CPU
		{1AE88A21-7A7A-4529-B586-EE5CB913D9C3}.Release|Any CPU.ActiveCfg = Release|Any CPU
		{1AE88A21-7A7A-4529-B586-EE5CB913D9C3}.Release|Any CPU.Build.0 = Release|Any CPU
	EndGlobalSection
EndGlobal
